
Microsoft Visual Studio Solution File, Format Version 12.00
# Visual Studio Version 17
VisualStudioVersion = 17.3.32929.385
MinimumVisualStudioVersion = 10.0.40219.1
Project("{FAE04EC0-301F-11D3-BF4B-00C04F79EFBC}") = "Client", "Forme\Client.csproj", "{7FB7B342-1CD5-44AA-AD28-FFA4D455077B}"
EndProject
Project("{FAE04EC0-301F-11D3-BF4B-00C04F79EFBC}") = "Common", "Domen\Common.csproj", "{3B2675C8-8C7D-4CDD-BAD5-0FB79A5F3322}"
EndProject
Project("{FAE04EC0-301F-11D3-BF4B-00C04F79EFBC}") = "Repository", "DbBroker\Repository.csproj", "{AAC677F8-EC47-4B05-BE4F-94BA11A26DCD}"
EndProject
Project("{FAE04EC0-301F-11D3-BF4B-00C04F79EFBC}") = "Server", "Server\Server.csproj", "{1BCDF865-E6DE-4D68-B5AD-F0382652D234}"
EndProject
Project("{FAE04EC0-301F-11D3-BF4B-00C04F79EFBC}") = "SistemskeOperacije", "SistemskeOperacije\SistemskeOperacije.csproj", "{5100D8F0-CAC6-4EC6-808F-BDDBD88CAC30}"
EndProject
Project("{FAE04EC0-301F-11D3-BF4B-00C04F79EFBC}") = "Testiranje", "Testiranje\Testiranje.csproj", "{F6D44A36-7430-4963-AB5F-BF73CCBCA14A}"
EndProject
Global
	GlobalSection(SolutionConfigurationPlatforms) = preSolution
		Debug|Any CPU = Debug|Any CPU
		Release|Any CPU = Release|Any CPU
	EndGlobalSection
	GlobalSection(ProjectConfigurationPlatforms) = postSolution
		{7FB7B342-1CD5-44AA-AD28-FFA4D455077B}.Debug|Any CPU.ActiveCfg = Debug|Any CPU
		{7FB7B342-1CD5-44AA-AD28-FFA4D455077B}.Debug|Any CPU.Build.0 = Debug|Any CPU
		{7FB7B342-1CD5-44AA-AD28-FFA4D455077B}.Release|Any CPU.ActiveCfg = Release|Any CPU
		{7FB7B342-1CD5-44AA-AD28-FFA4D455077B}.Release|Any CPU.Build.0 = Release|Any CPU
		{3B2675C8-8C7D-4CDD-BAD5-0FB79A5F3322}.Debug|Any CPU.ActiveCfg = Debug|Any CPU
		{3B2675C8-8C7D-4CDD-BAD5-0FB79A5F3322}.Debug|Any CPU.Build.0 = Debug|Any CPU
		{3B2675C8-8C7D-4CDD-BAD5-0FB79A5F3322}.Release|Any CPU.ActiveCfg = Release|Any CPU
		{3B2675C8-8C7D-4CDD-BAD5-0FB79A5F3322}.Release|Any CPU.Build.0 = Release|Any CPU
		{AAC677F8-EC47-4B05-BE4F-94BA11A26DCD}.Debug|Any CPU.ActiveCfg = Debug|Any CPU
		{AAC677F8-EC47-4B05-BE4F-94BA11A26DCD}.Debug|Any CPU.Build.0 = Debug|Any CPU
		{AAC677F8-EC47-4B05-BE4F-94BA11A26DCD}.Release|Any CPU.ActiveCfg = Release|Any CPU
		{AAC677F8-EC47-4B05-BE4F-94BA11A26DCD}.Release|Any CPU.Build.0 = Release|Any CPU
		{1BCDF865-E6DE-4D68-B5AD-F0382652D234}.Debug|Any CPU.ActiveCfg = Debug|Any CPU
		{1BCDF865-E6DE-4D68-B5AD-F0382652D234}.Debug|Any CPU.Build.0 = Debug|Any CPU
		{1BCDF865-E6DE-4D68-B5AD-F0382652D234}.Release|Any CPU.ActiveCfg = Release|Any CPU
		{1BCDF865-E6DE-4D68-B5AD-F0382652D234}.Release|Any CPU.Build.0 = Release|Any CPU
		{5100D8F0-CAC6-4EC6-808F-BDDBD88CAC30}.Debug|Any CPU.ActiveCfg = Debug|Any CPU
		{5100D8F0-CAC6-4EC6-808F-BDDBD88CAC30}.Debug|Any CPU.Build.0 = Debug|Any CPU
		{5100D8F0-CAC6-4EC6-808F-BDDBD88CAC30}.Release|Any CPU.ActiveCfg = Release|Any CPU
		{5100D8F0-CAC6-4EC6-808F-BDDBD88CAC30}.Release|Any CPU.Build.0 = Release|Any CPU
		{F6D44A36-7430-4963-AB5F-BF73CCBCA14A}.Debug|Any CPU.ActiveCfg = Debug|Any CPU
		{F6D44A36-7430-4963-AB5F-BF73CCBCA14A}.Debug|Any CPU.Build.0 = Debug|Any CPU
		{F6D44A36-7430-4963-AB5F-BF73CCBCA14A}.Release|Any CPU.ActiveCfg = Release|Any CPU
		{F6D44A36-7430-4963-AB5F-BF73CCBCA14A}.Release|Any CPU.Build.0 = Release|Any CPU
	EndGlobalSection
	GlobalSection(SolutionProperties) = preSolution
		HideSolutionNode = FALSE
	EndGlobalSection
	GlobalSection(ExtensibilityGlobals) = postSolution
		SolutionGuid = {E4FC80A0-5C95-4481-96A6-C74E956FF9D3}
	EndGlobalSection
EndGlobal
